version = 1
revision = 3
requires-python = ">=3.13"

[manifest]
members = [
    "backend",
    "hrcopilot",
]

[[package]]
name = "backend"
version = "0.1.0"
source = { virtual = "backend" }
dependencies = [
    { name = "pypdf" },
]

[package.metadata]
requires-dist = [{ name = "pypdf", specifier = ">=6.11.0" }]

[[package]]
name = "hrcopilot"
version = "0.1.0"
source = { virtual = "." }

[[package]]
name = "pypdf"
version = "6.11.0"
source = { registry = "https://pypi.org/simple" }
sdist = { url = "https://files.pythonhosted.org/packages/bf/58/6dd97d78a4b17a7a6b9d1c6ad23895abc41f0fdc49c553cc05bdfdcc36d0/pypdf-6.11.0.tar.gz", hash = "sha256:062b51c81b0910e6d2755e99e1c5547a0a23b7d0a32322af66240d8edcfabe87", size = 6453975, upload-time = "2026-05-09T13:26:48.955Z" }
wheels = [
    { url = "https://files.pythonhosted.org/packages/07/b1/68feb7eb3b99f0c020b414234825f4a5d70e0126c18d933770e8c93a35fc/pypdf-6.11.0-py3-none-any.whl", hash = "sha256:769394d5756d5b304c9b6bef88b54b1816b328e7e6fc9254e625529a15ed4ab8", size = 338819, upload-time = "2026-05-09T13:26:46.904Z" },
]
